{
  "name": "@todoapp/integration_features",
  "version": "0.0.6-alpha.0",
  "lockfileVersion": 2,
  "requires": true,
  "packages": {
    "": {
      "name": "@todoapp/integration_features",
      "version": "0.0.6-alpha.0",
      "license": "ISC"
    },
    "../frameworks": {
      "name": "@todoapp/frameworks",
      "version": "0.0.5-alpha.0",
      "extraneous": true,
      "license": "ISC"
    }
  }
}
